
Microsoft Visual Studio Solution File, Format Version 12.00
# Visual Studio Express 2012 for Windows Desktop
Project("{FAE04EC0-301F-11D3-BF4B-00C04F79EFBC}") = "GRPBackendWV", "GRPBackendWV\GRPBackendWV.csproj", "{AB87FC0F-1A7C-4846-911F-A15ED83E7EEA}"
EndProject
Project("{FAE04EC0-301F-11D3-BF4B-00C04F79EFBC}") = "GRPExplorerWV", "GRPExplorerWV\GRPExplorerWV.csproj", "{5EB2400F-865B-4209-83B7-FAD8E0C81506}"
EndProject
Project("{FAE04EC0-301F-11D3-BF4B-00C04F79EFBC}") = "Be.Windows.Forms.HexBox", "Be.Windows.Forms.HexBox\Be.Windows.Forms.HexBox.csproj", "{26C5F25F-B450-4CAF-AD8B-B8D11AE73457}"
EndProject
Project("{FAE04EC0-301F-11D3-BF4B-00C04F79EFBC}") = "DareParserWV", "DareParserWV\DareParserWV.csproj", "{AD68E5AD-5306-4B36-8D11-13B9D0A439D1}"
EndProject
Project("{FAE04EC0-301F-11D3-BF4B-00C04F79EFBC}") = "DareDebuggerWV", "DareDebuggerWV\DareDebuggerWV.csproj", "{7FF93ACD-B4C8-4CD3-BAC8-11B20D3CA3A8}"
EndProject
Project("{8BC9CEB8-8B4A-11D0-8D11-00A0C91BC942}") = "AICLASS_PCClient_R", "GRP_Hook\AICLASS_PCClient_R\AICLASS_PCClient_R.vcxproj", "{1B7FE665-385D-4ED9-A0FD-280F49D30B0C}"
EndProject
Project("{FAE04EC0-301F-11D3-BF4B-00C04F79EFBC}") = "DTBReaderWV", "DTBReaderWV\DTBReaderWV.csproj", "{26A73BFE-AF61-4EFD-8007-ED4253BF2AEA}"
EndProject
Project("{FAE04EC0-301F-11D3-BF4B-00C04F79EFBC}") = "GRPMemoryToolWV", "GRPMemoryToolWV\GRPMemoryToolWV.csproj", "{7E9024F6-CCDF-4EC3-A3F2-FBDDA9C82D84}"
EndProject
Project("{FAE04EC0-301F-11D3-BF4B-00C04F79EFBC}") = "QuazalWV", "QuazalWV\QuazalWV.csproj", "{8330545E-0887-434A-A0DE-343B90AEA2CE}"
EndProject
Project("{FAE04EC0-301F-11D3-BF4B-00C04F79EFBC}") = "GRPDedicatedServerWV", "GRPDedicatedServerWV\GRPDedicatedServerWV.csproj", "{D5B3B3D4-CED4-4B4B-AE65-643902E7ADAC}"
EndProject
Project("{FAE04EC0-301F-11D3-BF4B-00C04F79EFBC}") = "QuazalSharkWV", "QuazalSharkWV\QuazalSharkWV.csproj", "{E3D7B61E-6CF7-4373-B30B-7135365DE9F3}"
EndProject
Global
	GlobalSection(SolutionConfigurationPlatforms) = preSolution
		Debug|Any CPU = Debug|Any CPU
		Debug|Mixed Platforms = Debug|Mixed Platforms
		Debug|Win32 = Debug|Win32
		Release|Any CPU = Release|Any CPU
		Release|Mixed Platforms = Release|Mixed Platforms
		Release|Win32 = Release|Win32
	EndGlobalSection
	GlobalSection(ProjectConfigurationPlatforms) = postSolution
		{AB87FC0F-1A7C-4846-911F-A15ED83E7EEA}.Debug|Any CPU.ActiveCfg = Debug|Any CPU
		{AB87FC0F-1A7C-4846-911F-A15ED83E7EEA}.Debug|Any CPU.Build.0 = Debug|Any CPU
		{AB87FC0F-1A7C-4846-911F-A15ED83E7EEA}.Debug|Mixed Platforms.ActiveCfg = Debug|Any CPU
		{AB87FC0F-1A7C-4846-911F-A15ED83E7EEA}.Debug|Mixed Platforms.Build.0 = Debug|Any CPU
		{AB87FC0F-1A7C-4846-911F-A15ED83E7EEA}.Debug|Win32.ActiveCfg = Debug|Any CPU
		{AB87FC0F-1A7C-4846-911F-A15ED83E7EEA}.Release|Any CPU.ActiveCfg = Release|Any CPU
		{AB87FC0F-1A7C-4846-911F-A15ED83E7EEA}.Release|Any CPU.Build.0 = Release|Any CPU
		{AB87FC0F-1A7C-4846-911F-A15ED83E7EEA}.Release|Mixed Platforms.ActiveCfg = Release|Any CPU
		{AB87FC0F-1A7C-4846-911F-A15ED83E7EEA}.Release|Mixed Platforms.Build.0 = Release|Any CPU
		{AB87FC0F-1A7C-4846-911F-A15ED83E7EEA}.Release|Win32.ActiveCfg = Release|Any CPU
		{5EB2400F-865B-4209-83B7-FAD8E0C81506}.Debug|Any CPU.ActiveCfg = Debug|Any CPU
		{5EB2400F-865B-4209-83B7-FAD8E0C81506}.Debug|Any CPU.Build.0 = Debug|Any CPU
		{5EB2400F-865B-4209-83B7-FAD8E0C81506}.Debug|Mixed Platforms.ActiveCfg = Debug|Any CPU
		{5EB2400F-865B-4209-83B7-FAD8E0C81506}.Debug|Mixed Platforms.Build.0 = Debug|Any CPU
		{5EB2400F-865B-4209-83B7-FAD8E0C81506}.Debug|Win32.ActiveCfg = Debug|Any CPU
		{5EB2400F-865B-4209-83B7-FAD8E0C81506}.Release|Any CPU.ActiveCfg = Release|Any CPU
		{5EB2400F-865B-4209-83B7-FAD8E0C81506}.Release|Any CPU.Build.0 = Release|Any CPU
		{5EB2400F-865B-4209-83B7-FAD8E0C81506}.Release|Mixed Platforms.ActiveCfg = Release|Any CPU
		{5EB2400F-865B-4209-83B7-FAD8E0C81506}.Release|Mixed Platforms.Build.0 = Release|Any CPU
		{5EB2400F-865B-4209-83B7-FAD8E0C81506}.Release|Win32.ActiveCfg = Release|Any CPU
		{26C5F25F-B450-4CAF-AD8B-B8D11AE73457}.Debug|Any CPU.ActiveCfg = Debug|Any CPU
		{26C5F25F-B450-4CAF-AD8B-B8D11AE73457}.Debug|Any CPU.Build.0 = Debug|Any CPU
		{26C5F25F-B450-4CAF-AD8B-B8D11AE73457}.Debug|Mixed Platforms.ActiveCfg = Debug|Any CPU
		{26C5F25F-B450-4CAF-AD8B-B8D11AE73457}.Debug|Mixed Platforms.Build.0 = Debug|Any CPU
		{26C5F25F-B450-4CAF-AD8B-B8D11AE73457}.Debug|Win32.ActiveCfg = Debug|Any CPU
		{26C5F25F-B450-4CAF-AD8B-B8D11AE73457}.Release|Any CPU.ActiveCfg = Release|Any CPU
		{26C5F25F-B450-4CAF-AD8B-B8D11AE73457}.Release|Any CPU.Build.0 = Release|Any CPU
		{26C5F25F-B450-4CAF-AD8B-B8D11AE73457}.Release|Mixed Platforms.ActiveCfg = Release|Any CPU
		{26C5F25F-B450-4CAF-AD8B-B8D11AE73457}.Release|Mixed Platforms.Build.0 = Release|Any CPU
		{26C5F25F-B450-4CAF-AD8B-B8D11AE73457}.Release|Win32.ActiveCfg = Release|Any CPU
		{AD68E5AD-5306-4B36-8D11-13B9D0A439D1}.Debug|Any CPU.ActiveCfg = Debug|Any CPU
		{AD68E5AD-5306-4B36-8D11-13B9D0A439D1}.Debug|Any CPU.Build.0 = Debug|Any CPU
		{AD68E5AD-5306-4B36-8D11-13B9D0A439D1}.Debug|Mixed Platforms.ActiveCfg = Debug|Any CPU
		{AD68E5AD-5306-4B36-8D11-13B9D0A439D1}.Debug|Mixed Platforms.Build.0 = Debug|Any CPU
		{AD68E5AD-5306-4B36-8D11-13B9D0A439D1}.Debug|Win32.ActiveCfg = Debug|Any CPU
		{AD68E5AD-5306-4B36-8D11-13B9D0A439D1}.Release|Any CPU.ActiveCfg = Release|Any CPU
		{AD68E5AD-5306-4B36-8D11-13B9D0A439D1}.Release|Any CPU.Build.0 = Release|Any CPU
		{AD68E5AD-5306-4B36-8D11-13B9D0A439D1}.Release|Mixed Platforms.ActiveCfg = Release|Any CPU
		{AD68E5AD-5306-4B36-8D11-13B9D0A439D1}.Release|Mixed Platforms.Build.0 = Release|Any CPU
		{AD68E5AD-5306-4B36-8D11-13B9D0A439D1}.Release|Win32.ActiveCfg = Release|Any CPU
		{7FF93ACD-B4C8-4CD3-BAC8-11B20D3CA3A8}.Debug|Any CPU.ActiveCfg = Debug|Any CPU
		{7FF93ACD-B4C8-4CD3-BAC8-11B20D3CA3A8}.Debug|Any CPU.Build.0 = Debug|Any CPU
		{7FF93ACD-B4C8-4CD3-BAC8-11B20D3CA3A8}.Debug|Mixed Platforms.ActiveCfg = Debug|Any CPU
		{7FF93ACD-B4C8-4CD3-BAC8-11B20D3CA3A8}.Debug|Mixed Platforms.Build.0 = Debug|Any CPU
		{7FF93ACD-B4C8-4CD3-BAC8-11B20D3CA3A8}.Debug|Win32.ActiveCfg = Debug|Any CPU
		{7FF93ACD-B4C8-4CD3-BAC8-11B20D3CA3A8}.Release|Any CPU.ActiveCfg = Release|Any CPU
		{7FF93ACD-B4C8-4CD3-BAC8-11B20D3CA3A8}.Release|Any CPU.Build.0 = Release|Any CPU
		{7FF93ACD-B4C8-4CD3-BAC8-11B20D3CA3A8}.Release|Mixed Platforms.ActiveCfg = Release|Any CPU
		{7FF93ACD-B4C8-4CD3-BAC8-11B20D3CA3A8}.Release|Mixed Platforms.Build.0 = Release|Any CPU
		{7FF93ACD-B4C8-4CD3-BAC8-11B20D3CA3A8}.Release|Win32.ActiveCfg = Release|Any CPU
		{1B7FE665-385D-4ED9-A0FD-280F49D30B0C}.Debug|Any CPU.ActiveCfg = Debug|Win32
		{1B7FE665-385D-4ED9-A0FD-280F49D30B0C}.Debug|Mixed Platforms.ActiveCfg = Debug|Win32
		{1B7FE665-385D-4ED9-A0FD-280F49D30B0C}.Debug|Mixed Platforms.Build.0 = Debug|Win32
		{1B7FE665-385D-4ED9-A0FD-280F49D30B0C}.Debug|Win32.ActiveCfg = Debug|Win32
		{1B7FE665-385D-4ED9-A0FD-280F49D30B0C}.Debug|Win32.Build.0 = Debug|Win32
		{1B7FE665-385D-4ED9-A0FD-280F49D30B0C}.Release|Any CPU.ActiveCfg = Release|Win32
		{1B7FE665-385D-4ED9-A0FD-280F49D30B0C}.Release|Mixed Platforms.ActiveCfg = Release|Win32
		{1B7FE665-385D-4ED9-A0FD-280F49D30B0C}.Release|Mixed Platforms.Build.0 = Release|Win32
		{1B7FE665-385D-4ED9-A0FD-280F49D30B0C}.Release|Win32.ActiveCfg = Release|Win32
		{1B7FE665-385D-4ED9-A0FD-280F49D30B0C}.Release|Win32.Build.0 = Release|Win32
		{26A73BFE-AF61-4EFD-8007-ED4253BF2AEA}.Debug|Any CPU.ActiveCfg = Debug|Any CPU
		{26A73BFE-AF61-4EFD-8007-ED4253BF2AEA}.Debug|Any CPU.Build.0 = Debug|Any CPU
		{26A73BFE-AF61-4EFD-8007-ED4253BF2AEA}.Debug|Mixed Platforms.ActiveCfg = Debug|Any CPU
		{26A73BFE-AF61-4EFD-8007-ED4253BF2AEA}.Debug|Mixed Platforms.Build.0 = Debug|Any CPU
		{26A73BFE-AF61-4EFD-8007-ED4253BF2AEA}.Debug|Win32.ActiveCfg = Debug|Any CPU
		{26A73BFE-AF61-4EFD-8007-ED4253BF2AEA}.Release|Any CPU.ActiveCfg = Release|Any CPU
		{26A73BFE-AF61-4EFD-8007-ED4253BF2AEA}.Release|Any CPU.Build.0 = Release|Any CPU
		{26A73BFE-AF61-4EFD-8007-ED4253BF2AEA}.Release|Mixed Platforms.ActiveCfg = Release|Any CPU
		{26A73BFE-AF61-4EFD-8007-ED4253BF2AEA}.Release|Mixed Platforms.Build.0 = Release|Any CPU
		{26A73BFE-AF61-4EFD-8007-ED4253BF2AEA}.Release|Win32.ActiveCfg = Release|Any CPU
		{7E9024F6-CCDF-4EC3-A3F2-FBDDA9C82D84}.Debug|Any CPU.ActiveCfg = Debug|Any CPU
		{7E9024F6-CCDF-4EC3-A3F2-FBDDA9C82D84}.Debug|Any CPU.Build.0 = Debug|Any CPU
		{7E9024F6-CCDF-4EC3-A3F2-FBDDA9C82D84}.Debug|Mixed Platforms.ActiveCfg = Debug|Any CPU
		{7E9024F6-CCDF-4EC3-A3F2-FBDDA9C82D84}.Debug|Mixed Platforms.Build.0 = Debug|Any CPU
		{7E9024F6-CCDF-4EC3-A3F2-FBDDA9C82D84}.Debug|Win32.ActiveCfg = Debug|Any CPU
		{7E9024F6-CCDF-4EC3-A3F2-FBDDA9C82D84}.Release|Any CPU.ActiveCfg = Release|Any CPU
		{7E9024F6-CCDF-4EC3-A3F2-FBDDA9C82D84}.Release|Any CPU.Build.0 = Release|Any CPU
		{7E9024F6-CCDF-4EC3-A3F2-FBDDA9C82D84}.Release|Mixed Platforms.ActiveCfg = Release|Any CPU
		{7E9024F6-CCDF-4EC3-A3F2-FBDDA9C82D84}.Release|Mixed Platforms.Build.0 = Release|Any CPU
		{7E9024F6-CCDF-4EC3-A3F2-FBDDA9C82D84}.Release|Win32.ActiveCfg = Release|Any CPU
		{8330545E-0887-434A-A0DE-343B90AEA2CE}.Debug|Any CPU.ActiveCfg = Debug|Any CPU
		{8330545E-0887-434A-A0DE-343B90AEA2CE}.Debug|Any CPU.Build.0 = Debug|Any CPU
		{8330545E-0887-434A-A0DE-343B90AEA2CE}.Debug|Mixed Platforms.ActiveCfg = Debug|Any CPU
		{8330545E-0887-434A-A0DE-343B90AEA2CE}.Debug|Mixed Platforms.Build.0 = Debug|Any CPU
		{8330545E-0887-434A-A0DE-343B90AEA2CE}.Debug|Win32.ActiveCfg = Debug|Any CPU
		{8330545E-0887-434A-A0DE-343B90AEA2CE}.Release|Any CPU.ActiveCfg = Release|Any CPU
		{8330545E-0887-434A-A0DE-343B90AEA2CE}.Release|Any CPU.Build.0 = Release|Any CPU
		{8330545E-0887-434A-A0DE-343B90AEA2CE}.Release|Mixed Platforms.ActiveCfg = Release|Any CPU
		{8330545E-0887-434A-A0DE-343B90AEA2CE}.Release|Mixed Platforms.Build.0 = Release|Any CPU
		{8330545E-0887-434A-A0DE-343B90AEA2CE}.Release|Win32.ActiveCfg = Release|Any CPU
		{D5B3B3D4-CED4-4B4B-AE65-643902E7ADAC}.Debug|Any CPU.ActiveCfg = Debug|Any CPU
		{D5B3B3D4-CED4-4B4B-AE65-643902E7ADAC}.Debug|Any CPU.Build.0 = Debug|Any CPU
		{D5B3B3D4-CED4-4B4B-AE65-643902E7ADAC}.Debug|Mixed Platforms.ActiveCfg = Debug|Any CPU
		{D5B3B3D4-CED4-4B4B-AE65-643902E7ADAC}.Debug|Mixed Platforms.Build.0 = Debug|Any CPU
		{D5B3B3D4-CED4-4B4B-AE65-643902E7ADAC}.Debug|Win32.ActiveCfg = Debug|Any CPU
		{D5B3B3D4-CED4-4B4B-AE65-643902E7ADAC}.Release|Any CPU.ActiveCfg = Release|Any CPU
		{D5B3B3D4-CED4-4B4B-AE65-643902E7ADAC}.Release|Any CPU.Build.0 = Release|Any CPU
		{D5B3B3D4-CED4-4B4B-AE65-643902E7ADAC}.Release|Mixed Platforms.ActiveCfg = Release|Any CPU
		{D5B3B3D4-CED4-4B4B-AE65-643902E7ADAC}.Release|Mixed Platforms.Build.0 = Release|Any CPU
		{D5B3B3D4-CED4-4B4B-AE65-643902E7ADAC}.Release|Win32.ActiveCfg = Release|Any CPU
		{E3D7B61E-6CF7-4373-B30B-7135365DE9F3}.Debug|Any CPU.ActiveCfg = Debug|Any CPU
		{E3D7B61E-6CF7-4373-B30B-7135365DE9F3}.Debug|Any CPU.Build.0 = Debug|Any CPU
		{E3D7B61E-6CF7-4373-B30B-7135365DE9F3}.Debug|Mixed Platforms.ActiveCfg = Debug|Any CPU
		{E3D7B61E-6CF7-4373-B30B-7135365DE9F3}.Debug|Mixed Platforms.Build.0 = Debug|Any CPU
		{E3D7B61E-6CF7-4373-B30B-7135365DE9F3}.Debug|Win32.ActiveCfg = Debug|Any CPU
		{E3D7B61E-6CF7-4373-B30B-7135365DE9F3}.Release|Any CPU.ActiveCfg = Release|Any CPU
		{E3D7B61E-6CF7-4373-B30B-7135365DE9F3}.Release|Any CPU.Build.0 = Release|Any CPU
		{E3D7B61E-6CF7-4373-B30B-7135365DE9F3}.Release|Mixed Platforms.ActiveCfg = Release|Any CPU
		{E3D7B61E-6CF7-4373-B30B-7135365DE9F3}.Release|Mixed Platforms.Build.0 = Release|Any CPU
		{E3D7B61E-6CF7-4373-B30B-7135365DE9F3}.Release|Win32.ActiveCfg = Release|Any CPU
	EndGlobalSection
	GlobalSection(SolutionProperties) = preSolution
		HideSolutionNode = FALSE
	EndGlobalSection
EndGlobal
